
Microsoft Visual Studio Solution File, Format Version 11.00
# Visual Studio 2010
Project("{FAE04EC0-301F-11D3-BF4B-00C04F79EFBC}") = "TestMvcApplication", "TestMvcApplication\TestMvcApplication.csproj", "{09935540-21D9-417E-BFA1-D73A2A988266}"
EndProject
Project("{FAE04EC0-301F-11D3-BF4B-00C04F79EFBC}") = "Adapters", "Adapters\Adapters.csproj", "{0DD6657B-13C2-423C-8E28-FB702EAEB20B}"
EndProject
Project("{FAE04EC0-301F-11D3-BF4B-00C04F79EFBC}") = "DataModeling", "DataModeling\DataModeling.csproj", "{82518D3E-70F1-488C-816F-5596FA4A518B}"
EndProject
Project("{FAE04EC0-301F-11D3-BF4B-00C04F79EFBC}") = "ServiceInterfaces", "ServiceInterfaces\ServiceInterfaces.csproj", "{45C0C712-ECF5-41C8-989C-7D7F75E60B77}"
EndProject
Project("{FAE04EC0-301F-11D3-BF4B-00C04F79EFBC}") = "Policies", "Policies\Policies.csproj", "{576AB159-E4F1-4E2E-A7A1-54166D3F974C}"
EndProject
Project("{FAE04EC0-301F-11D3-BF4B-00C04F79EFBC}") = "ServiceInterfaces.Tests", "ServiceInterfaces.Tests\ServiceInterfaces.Tests.csproj", "{282395B1-D2C1-40F9-86EE-DEC57F606F87}"
EndProject
Project("{2150E333-8FDC-42A3-9474-1A3956D46DE8}") = "Solution Items", "Solution Items", "{EC83A24C-26DE-4F16-9904-E32604FD76E6}"
	ProjectSection(SolutionItems) = preProject
		Local.testsettings = Local.testsettings
		TestMvcApplication1.vsmdi = TestMvcApplication1.vsmdi
	EndProjectSection
EndProject
Project("{FAE04EC0-301F-11D3-BF4B-00C04F79EFBC}") = "Policies.Tests", "Policies.Tests\Policies.Tests.csproj", "{8B194190-9104-44FF-8E6F-24570CEFEF1B}"
EndProject
Project("{FAE04EC0-301F-11D3-BF4B-00C04F79EFBC}") = "MvcUtilities", "MvcUtilities\MvcUtilities.csproj", "{6D334141-39BB-42F8-9E37-53C8F2B8614E}"
EndProject
Project("{FAE04EC0-301F-11D3-BF4B-00C04F79EFBC}") = "Adapters.Tests", "Adapters.Tests\Adapters.Tests.csproj", "{C2CFE527-914F-4C28-A44A-433435FCCD0A}"
EndProject
Project("{FAE04EC0-301F-11D3-BF4B-00C04F79EFBC}") = "TestUtilities", "TestUtilities\TestUtilities.csproj", "{CB5041CA-89E5-4650-BA3F-411F5539EEF8}"
EndProject
Global
	GlobalSection(TestCaseManagementSettings) = postSolution
		CategoryFile = TestMvcApplication1.vsmdi
	EndGlobalSection
	GlobalSection(SolutionConfigurationPlatforms) = preSolution
		Debug|Any CPU = Debug|Any CPU
		Release|Any CPU = Release|Any CPU
	EndGlobalSection
	GlobalSection(ProjectConfigurationPlatforms) = postSolution
		{09935540-21D9-417E-BFA1-D73A2A988266}.Debug|Any CPU.ActiveCfg = Debug|Any CPU
		{09935540-21D9-417E-BFA1-D73A2A988266}.Debug|Any CPU.Build.0 = Debug|Any CPU
		{09935540-21D9-417E-BFA1-D73A2A988266}.Release|Any CPU.ActiveCfg = Release|Any CPU
		{09935540-21D9-417E-BFA1-D73A2A988266}.Release|Any CPU.Build.0 = Release|Any CPU
		{0DD6657B-13C2-423C-8E28-FB702EAEB20B}.Debug|Any CPU.ActiveCfg = Debug|Any CPU
		{0DD6657B-13C2-423C-8E28-FB702EAEB20B}.Debug|Any CPU.Build.0 = Debug|Any CPU
		{0DD6657B-13C2-423C-8E28-FB702EAEB20B}.Release|Any CPU.ActiveCfg = Release|Any CPU
		{0DD6657B-13C2-423C-8E28-FB702EAEB20B}.Release|Any CPU.Build.0 = Release|Any CPU
		{82518D3E-70F1-488C-816F-5596FA4A518B}.Debug|Any CPU.ActiveCfg = Debug|Any CPU
		{82518D3E-70F1-488C-816F-5596FA4A518B}.Debug|Any CPU.Build.0 = Debug|Any CPU
		{82518D3E-70F1-488C-816F-5596FA4A518B}.Release|Any CPU.ActiveCfg = Release|Any CPU
		{82518D3E-70F1-488C-816F-5596FA4A518B}.Release|Any CPU.Build.0 = Release|Any CPU
		{45C0C712-ECF5-41C8-989C-7D7F75E60B77}.Debug|Any CPU.ActiveCfg = Debug|Any CPU
		{45C0C712-ECF5-41C8-989C-7D7F75E60B77}.Debug|Any CPU.Build.0 = Debug|Any CPU
		{45C0C712-ECF5-41C8-989C-7D7F75E60B77}.Release|Any CPU.ActiveCfg = Release|Any CPU
		{45C0C712-ECF5-41C8-989C-7D7F75E60B77}.Release|Any CPU.Build.0 = Release|Any CPU
		{576AB159-E4F1-4E2E-A7A1-54166D3F974C}.Debug|Any CPU.ActiveCfg = Debug|Any CPU
		{576AB159-E4F1-4E2E-A7A1-54166D3F974C}.Debug|Any CPU.Build.0 = Debug|Any CPU
		{576AB159-E4F1-4E2E-A7A1-54166D3F974C}.Release|Any CPU.ActiveCfg = Release|Any CPU
		{576AB159-E4F1-4E2E-A7A1-54166D3F974C}.Release|Any CPU.Build.0 = Release|Any CPU
		{282395B1-D2C1-40F9-86EE-DEC57F606F87}.Debug|Any CPU.ActiveCfg = Debug|Any CPU
		{282395B1-D2C1-40F9-86EE-DEC57F606F87}.Debug|Any CPU.Build.0 = Debug|Any CPU
		{282395B1-D2C1-40F9-86EE-DEC57F606F87}.Release|Any CPU.ActiveCfg = Release|Any CPU
		{282395B1-D2C1-40F9-86EE-DEC57F606F87}.Release|Any CPU.Build.0 = Release|Any CPU
		{8B194190-9104-44FF-8E6F-24570CEFEF1B}.Debug|Any CPU.ActiveCfg = Debug|Any CPU
		{8B194190-9104-44FF-8E6F-24570CEFEF1B}.Debug|Any CPU.Build.0 = Debug|Any CPU
		{8B194190-9104-44FF-8E6F-24570CEFEF1B}.Release|Any CPU.ActiveCfg = Release|Any CPU
		{8B194190-9104-44FF-8E6F-24570CEFEF1B}.Release|Any CPU.Build.0 = Release|Any CPU
		{6D334141-39BB-42F8-9E37-53C8F2B8614E}.Debug|Any CPU.ActiveCfg = Debug|Any CPU
		{6D334141-39BB-42F8-9E37-53C8F2B8614E}.Debug|Any CPU.Build.0 = Debug|Any CPU
		{6D334141-39BB-42F8-9E37-53C8F2B8614E}.Release|Any CPU.ActiveCfg = Release|Any CPU
		{6D334141-39BB-42F8-9E37-53C8F2B8614E}.Release|Any CPU.Build.0 = Release|Any CPU
		{C2CFE527-914F-4C28-A44A-433435FCCD0A}.Debug|Any CPU.ActiveCfg = Debug|Any CPU
		{C2CFE527-914F-4C28-A44A-433435FCCD0A}.Debug|Any CPU.Build.0 = Debug|Any CPU
		{C2CFE527-914F-4C28-A44A-433435FCCD0A}.Release|Any CPU.ActiveCfg = Release|Any CPU
		{C2CFE527-914F-4C28-A44A-433435FCCD0A}.Release|Any CPU.Build.0 = Release|Any CPU
		{CB5041CA-89E5-4650-BA3F-411F5539EEF8}.Debug|Any CPU.ActiveCfg = Debug|Any CPU
		{CB5041CA-89E5-4650-BA3F-411F5539EEF8}.Debug|Any CPU.Build.0 = Debug|Any CPU
		{CB5041CA-89E5-4650-BA3F-411F5539EEF8}.Release|Any CPU.ActiveCfg = Release|Any CPU
		{CB5041CA-89E5-4650-BA3F-411F5539EEF8}.Release|Any CPU.Build.0 = Release|Any CPU
	EndGlobalSection
	GlobalSection(SolutionProperties) = preSolution
		HideSolutionNode = FALSE
	EndGlobalSection
EndGlobal
